
Microsoft Visual Studio Solution File, Format Version 12.00
# Visual Studio Version 16
VisualStudioVersion = 16.0.30717.126
MinimumVisualStudioVersion = 10.0.40219.1
Project("{FAE04EC0-301F-11D3-BF4B-00C04F79EFBC}") = "EmailModule", "EmailModule\EmailModule.csproj", "{2F9A7778-7FF3-4B98-9462-698D49C525A7}"
EndProject
Global
	GlobalSection(SolutionConfigurationPlatforms) = preSolution
		Debug|Any CPU = Debug|Any CPU
		Release|Any CPU = Release|Any CPU
	EndGlobalSection
	GlobalSection(ProjectConfigurationPlatforms) = postSolution
		{2F9A7778-7FF3-4B98-9462-698D49C525A7}.Debug|Any CPU.ActiveCfg = Debug|Any CPU
		{2F9A7778-7FF3-4B98-9462-698D49C525A7}.Debug|Any CPU.Build.0 = Debug|Any CPU
		{2F9A7778-7FF3-4B98-9462-698D49C525A7}.Release|Any CPU.ActiveCfg = Release|Any CPU
		{2F9A7778-7FF3-4B98-9462-698D49C525A7}.Release|Any CPU.Build.0 = Release|Any CPU
	EndGlobalSection
	GlobalSection(SolutionProperties) = preSolution
		HideSolutionNode = FALSE
	EndGlobalSection
	GlobalSection(ExtensibilityGlobals) = postSolution
		SolutionGuid = {FF003B84-3CCE-4FFB-9900-7F294645A317}
	EndGlobalSection
EndGlobal
